
Microsoft Visual Studio Solution File, Format Version 12.00
# Visual Studio Version 17
VisualStudioVersion = 17.4.33213.308
MinimumVisualStudioVersion = 10.0.40219.1
Project("{FAE04EC0-301F-11D3-BF4B-00C04F79EFBC}") = "ch1_pr5", "ch1_pr5.csproj", "{AAF787FA-6A9B-4893-9D01-7649A2D533EE}"
EndProject
Global
	GlobalSection(SolutionConfigurationPlatforms) = preSolution
		Debug|Any CPU = Debug|Any CPU
		Release|Any CPU = Release|Any CPU
	EndGlobalSection
	GlobalSection(ProjectConfigurationPlatforms) = postSolution
		{AAF787FA-6A9B-4893-9D01-7649A2D533EE}.Debug|Any CPU.ActiveCfg = Debug|Any CPU
		{AAF787FA-6A9B-4893-9D01-7649A2D533EE}.Debug|Any CPU.Build.0 = Debug|Any CPU
		{AAF787FA-6A9B-4893-9D01-7649A2D533EE}.Release|Any CPU.ActiveCfg = Release|Any CPU
		{AAF787FA-6A9B-4893-9D01-7649A2D533EE}.Release|Any CPU.Build.0 = Release|Any CPU
	EndGlobalSection
	GlobalSection(SolutionProperties) = preSolution
		HideSolutionNode = FALSE
	EndGlobalSection
	GlobalSection(ExtensibilityGlobals) = postSolution
		SolutionGuid = {3A3CF72F-B1CD-4E44-97F5-98D90F6FDCE1}
	EndGlobalSection
EndGlobal
