
Microsoft Visual Studio Solution File, Format Version 12.00
# Visual Studio Version 17
VisualStudioVersion = 17.4.33213.308
MinimumVisualStudioVersion = 10.0.40219.1
Project("{FAE04EC0-301F-11D3-BF4B-00C04F79EFBC}") = "ch2_pr4", "ch2_pr4.csproj", "{1426BE32-423B-4B4C-B62E-F5431561D1DD}"
EndProject
Global
	GlobalSection(SolutionConfigurationPlatforms) = preSolution
		Debug|Any CPU = Debug|Any CPU
		Release|Any CPU = Release|Any CPU
	EndGlobalSection
	GlobalSection(ProjectConfigurationPlatforms) = postSolution
		{1426BE32-423B-4B4C-B62E-F5431561D1DD}.Debug|Any CPU.ActiveCfg = Debug|Any CPU
		{1426BE32-423B-4B4C-B62E-F5431561D1DD}.Debug|Any CPU.Build.0 = Debug|Any CPU
		{1426BE32-423B-4B4C-B62E-F5431561D1DD}.Release|Any CPU.ActiveCfg = Release|Any CPU
		{1426BE32-423B-4B4C-B62E-F5431561D1DD}.Release|Any CPU.Build.0 = Release|Any CPU
	EndGlobalSection
	GlobalSection(SolutionProperties) = preSolution
		HideSolutionNode = FALSE
	EndGlobalSection
	GlobalSection(ExtensibilityGlobals) = postSolution
		SolutionGuid = {34939220-F26C-4766-A2C5-AA778064F287}
	EndGlobalSection
EndGlobal
