
Microsoft Visual Studio Solution File, Format Version 12.00
# Visual Studio Version 17
VisualStudioVersion = 17.4.33213.308
MinimumVisualStudioVersion = 10.0.40219.1
Project("{FAE04EC0-301F-11D3-BF4B-00C04F79EFBC}") = "Temprature convertor", "Temprature convertor.csproj", "{191111E6-1DE2-44F3-B217-781CD228C02F}"
EndProject
Global
	GlobalSection(SolutionConfigurationPlatforms) = preSolution
		Debug|Any CPU = Debug|Any CPU
		Release|Any CPU = Release|Any CPU
	EndGlobalSection
	GlobalSection(ProjectConfigurationPlatforms) = postSolution
		{191111E6-1DE2-44F3-B217-781CD228C02F}.Debug|Any CPU.ActiveCfg = Debug|Any CPU
		{191111E6-1DE2-44F3-B217-781CD228C02F}.Debug|Any CPU.Build.0 = Debug|Any CPU
		{191111E6-1DE2-44F3-B217-781CD228C02F}.Release|Any CPU.ActiveCfg = Release|Any CPU
		{191111E6-1DE2-44F3-B217-781CD228C02F}.Release|Any CPU.Build.0 = Release|Any CPU
	EndGlobalSection
	GlobalSection(SolutionProperties) = preSolution
		HideSolutionNode = FALSE
	EndGlobalSection
	GlobalSection(ExtensibilityGlobals) = postSolution
		SolutionGuid = {F727A77E-66CD-4F8E-97BA-FFADD0674668}
	EndGlobalSection
EndGlobal
