
Microsoft Visual Studio Solution File, Format Version 12.00
# Visual Studio Version 17
VisualStudioVersion = 17.4.33213.308
MinimumVisualStudioVersion = 10.0.40219.1
Project("{FAE04EC0-301F-11D3-BF4B-00C04F79EFBC}") = "Create Progress Bar", "Create Progress Bar.csproj", "{B93148CC-739A-4A6A-BF70-CE62A751C258}"
EndProject
Global
	GlobalSection(SolutionConfigurationPlatforms) = preSolution
		Debug|Any CPU = Debug|Any CPU
		Release|Any CPU = Release|Any CPU
	EndGlobalSection
	GlobalSection(ProjectConfigurationPlatforms) = postSolution
		{B93148CC-739A-4A6A-BF70-CE62A751C258}.Debug|Any CPU.ActiveCfg = Debug|Any CPU
		{B93148CC-739A-4A6A-BF70-CE62A751C258}.Debug|Any CPU.Build.0 = Debug|Any CPU
		{B93148CC-739A-4A6A-BF70-CE62A751C258}.Release|Any CPU.ActiveCfg = Release|Any CPU
		{B93148CC-739A-4A6A-BF70-CE62A751C258}.Release|Any CPU.Build.0 = Release|Any CPU
	EndGlobalSection
	GlobalSection(SolutionProperties) = preSolution
		HideSolutionNode = FALSE
	EndGlobalSection
	GlobalSection(ExtensibilityGlobals) = postSolution
		SolutionGuid = {449C2384-6553-4C48-BC57-412BE2DD5398}
	EndGlobalSection
EndGlobal
